
Microsoft Visual Studio Solution File, Format Version 12.00
# Visual Studio 15
VisualStudioVersion = 15.0.27703.2026
MinimumVisualStudioVersion = 10.0.40219.1
Project("{FAE04EC0-301F-11D3-BF4B-00C04F79EFBC}") = "AppSignalRCoreWithChannel", "AppSignalRCoreWithChannel\AppSignalRCoreWithChannel.csproj", "{3A1BEDE6-0300-426B-82AB-FB5CE1B6BE38}"
EndProject
Global
	GlobalSection(SolutionConfigurationPlatforms) = preSolution
		Debug|Any CPU = Debug|Any CPU
		Release|Any CPU = Release|Any CPU
	EndGlobalSection
	GlobalSection(ProjectConfigurationPlatforms) = postSolution
		{3A1BEDE6-0300-426B-82AB-FB5CE1B6BE38}.Debug|Any CPU.ActiveCfg = Debug|Any CPU
		{3A1BEDE6-0300-426B-82AB-FB5CE1B6BE38}.Debug|Any CPU.Build.0 = Debug|Any CPU
		{3A1BEDE6-0300-426B-82AB-FB5CE1B6BE38}.Release|Any CPU.ActiveCfg = Release|Any CPU
		{3A1BEDE6-0300-426B-82AB-FB5CE1B6BE38}.Release|Any CPU.Build.0 = Release|Any CPU
	EndGlobalSection
	GlobalSection(SolutionProperties) = preSolution
		HideSolutionNode = FALSE
	EndGlobalSection
	GlobalSection(ExtensibilityGlobals) = postSolution
		SolutionGuid = {F62B25FB-F4D5-4DE7-B0D3-45CE0D1EC8AB}
	EndGlobalSection
EndGlobal
